
Microsoft Visual Studio Solution File, Format Version 12.00
# Visual Studio Version 16
VisualStudioVersion = 16.0.31112.23
MinimumVisualStudioVersion = 10.0.40219.1
Project("{9A19103F-16F7-4668-BE54-9A1E7A4F7556}") = "WebApi.WorkerBenefits.Api", "WebApi.WorkerBenefits.Api\WebApi.WorkerBenefits.Api.csproj", "{0C72E805-2A28-4E8D-84BF-B2287CE0E004}"
EndProject
Project("{9A19103F-16F7-4668-BE54-9A1E7A4F7556}") = "WebApi.WorkerBenefits.Services", "WebApi.WorkerBenefits.Services\WebApi.WorkerBenefits.Services.csproj", "{8E2AF479-9643-411C-AFF5-49E83883BCCE}"
EndProject
Project("{9A19103F-16F7-4668-BE54-9A1E7A4F7556}") = "WebApi.WorkerBenefits.DataAccess", "WebApi.WorkerBenefits.DataAccess\WebApi.WorkerBenefits.DataAccess.csproj", "{7D0A1287-1145-416F-92D3-9DBA8C8972FA}"
EndProject
Project("{9A19103F-16F7-4668-BE54-9A1E7A4F7556}") = "WebApi.WorkerBenefits.Domain", "WebApi.WorkerBenefits.Domain\WebApi.WorkerBenefits.Domain.csproj", "{1AE6047F-9C5A-49D0-9255-FA33436EBBA0}"
EndProject
Project("{FAE04EC0-301F-11D3-BF4B-00C04F79EFBC}") = "WebApi.WorkerBenefits.DataTransferObjects", "WebApi.WorkerBenefits.DataTransferObjects\WebApi.WorkerBenefits.DataTransferObjects.csproj", "{4E70E12C-E420-4C84-8AB2-80D03FEF5D0A}"
EndProject
Global
	GlobalSection(SolutionConfigurationPlatforms) = preSolution
		Debug|Any CPU = Debug|Any CPU
		Release|Any CPU = Release|Any CPU
	EndGlobalSection
	GlobalSection(ProjectConfigurationPlatforms) = postSolution
		{0C72E805-2A28-4E8D-84BF-B2287CE0E004}.Debug|Any CPU.ActiveCfg = Debug|Any CPU
		{0C72E805-2A28-4E8D-84BF-B2287CE0E004}.Debug|Any CPU.Build.0 = Debug|Any CPU
		{0C72E805-2A28-4E8D-84BF-B2287CE0E004}.Release|Any CPU.ActiveCfg = Release|Any CPU
		{0C72E805-2A28-4E8D-84BF-B2287CE0E004}.Release|Any CPU.Build.0 = Release|Any CPU
		{8E2AF479-9643-411C-AFF5-49E83883BCCE}.Debug|Any CPU.ActiveCfg = Debug|Any CPU
		{8E2AF479-9643-411C-AFF5-49E83883BCCE}.Debug|Any CPU.Build.0 = Debug|Any CPU
		{8E2AF479-9643-411C-AFF5-49E83883BCCE}.Release|Any CPU.ActiveCfg = Release|Any CPU
		{8E2AF479-9643-411C-AFF5-49E83883BCCE}.Release|Any CPU.Build.0 = Release|Any CPU
		{7D0A1287-1145-416F-92D3-9DBA8C8972FA}.Debug|Any CPU.ActiveCfg = Debug|Any CPU
		{7D0A1287-1145-416F-92D3-9DBA8C8972FA}.Debug|Any CPU.Build.0 = Debug|Any CPU
		{7D0A1287-1145-416F-92D3-9DBA8C8972FA}.Release|Any CPU.ActiveCfg = Release|Any CPU
		{7D0A1287-1145-416F-92D3-9DBA8C8972FA}.Release|Any CPU.Build.0 = Release|Any CPU
		{1AE6047F-9C5A-49D0-9255-FA33436EBBA0}.Debug|Any CPU.ActiveCfg = Debug|Any CPU
		{1AE6047F-9C5A-49D0-9255-FA33436EBBA0}.Debug|Any CPU.Build.0 = Debug|Any CPU
		{1AE6047F-9C5A-49D0-9255-FA33436EBBA0}.Release|Any CPU.ActiveCfg = Release|Any CPU
		{1AE6047F-9C5A-49D0-9255-FA33436EBBA0}.Release|Any CPU.Build.0 = Release|Any CPU
		{4E70E12C-E420-4C84-8AB2-80D03FEF5D0A}.Debug|Any CPU.ActiveCfg = Debug|Any CPU
		{4E70E12C-E420-4C84-8AB2-80D03FEF5D0A}.Debug|Any CPU.Build.0 = Debug|Any CPU
		{4E70E12C-E420-4C84-8AB2-80D03FEF5D0A}.Release|Any CPU.ActiveCfg = Release|Any CPU
		{4E70E12C-E420-4C84-8AB2-80D03FEF5D0A}.Release|Any CPU.Build.0 = Release|Any CPU
	EndGlobalSection
	GlobalSection(SolutionProperties) = preSolution
		HideSolutionNode = FALSE
	EndGlobalSection
	GlobalSection(ExtensibilityGlobals) = postSolution
		SolutionGuid = {01CE442A-1B68-467A-AAB5-7155936B0AB4}
	EndGlobalSection
EndGlobal
