
Microsoft Visual Studio Solution File, Format Version 12.00
# Visual Studio Version 16
VisualStudioVersion = 16.0.31112.23
MinimumVisualStudioVersion = 10.0.40219.1
Project("{FAE04EC0-301F-11D3-BF4B-00C04F79EFBC}") = "WebApi.WorkerBenefits", "WebApi.WorkerBenefits\WebApi.WorkerBenefits.csproj", "{81A3505A-4D59-420A-9488-8796114CFF60}"
EndProject
Project("{FAE04EC0-301F-11D3-BF4B-00C04F79EFBC}") = "WebApi.WorkerBenefits.Domain", "WebApi.WorkerBenefits.Domain\WebApi.WorkerBenefits.Domain.csproj", "{334980C2-7239-45AF-B6DA-53AB1E6C5181}"
EndProject
Project("{FAE04EC0-301F-11D3-BF4B-00C04F79EFBC}") = "WebApi.WorkerBenefits.DataAccess", "WebApi.WorkerBenefits.DataAccess\WebApi.WorkerBenefits.DataAccess.csproj", "{A4528DB8-0100-4694-A735-C06450AF8FB8}"
EndProject
Project("{FAE04EC0-301F-11D3-BF4B-00C04F79EFBC}") = "WebApi.WorkerBenefits.Services", "WebApi.WorkerBenefits.Services\WebApi.WorkerBenefits.Services.csproj", "{7700C948-EA31-4B26-9B69-F225C6801022}"
EndProject
Global
	GlobalSection(SolutionConfigurationPlatforms) = preSolution
		Debug|Any CPU = Debug|Any CPU
		Release|Any CPU = Release|Any CPU
	EndGlobalSection
	GlobalSection(ProjectConfigurationPlatforms) = postSolution
		{81A3505A-4D59-420A-9488-8796114CFF60}.Debug|Any CPU.ActiveCfg = Debug|Any CPU
		{81A3505A-4D59-420A-9488-8796114CFF60}.Debug|Any CPU.Build.0 = Debug|Any CPU
		{81A3505A-4D59-420A-9488-8796114CFF60}.Release|Any CPU.ActiveCfg = Release|Any CPU
		{81A3505A-4D59-420A-9488-8796114CFF60}.Release|Any CPU.Build.0 = Release|Any CPU
		{334980C2-7239-45AF-B6DA-53AB1E6C5181}.Debug|Any CPU.ActiveCfg = Debug|Any CPU
		{334980C2-7239-45AF-B6DA-53AB1E6C5181}.Debug|Any CPU.Build.0 = Debug|Any CPU
		{334980C2-7239-45AF-B6DA-53AB1E6C5181}.Release|Any CPU.ActiveCfg = Release|Any CPU
		{334980C2-7239-45AF-B6DA-53AB1E6C5181}.Release|Any CPU.Build.0 = Release|Any CPU
		{A4528DB8-0100-4694-A735-C06450AF8FB8}.Debug|Any CPU.ActiveCfg = Debug|Any CPU
		{A4528DB8-0100-4694-A735-C06450AF8FB8}.Debug|Any CPU.Build.0 = Debug|Any CPU
		{A4528DB8-0100-4694-A735-C06450AF8FB8}.Release|Any CPU.ActiveCfg = Release|Any CPU
		{A4528DB8-0100-4694-A735-C06450AF8FB8}.Release|Any CPU.Build.0 = Release|Any CPU
		{7700C948-EA31-4B26-9B69-F225C6801022}.Debug|Any CPU.ActiveCfg = Debug|Any CPU
		{7700C948-EA31-4B26-9B69-F225C6801022}.Debug|Any CPU.Build.0 = Debug|Any CPU
		{7700C948-EA31-4B26-9B69-F225C6801022}.Release|Any CPU.ActiveCfg = Release|Any CPU
		{7700C948-EA31-4B26-9B69-F225C6801022}.Release|Any CPU.Build.0 = Release|Any CPU
	EndGlobalSection
	GlobalSection(SolutionProperties) = preSolution
		HideSolutionNode = FALSE
	EndGlobalSection
	GlobalSection(ExtensibilityGlobals) = postSolution
		SolutionGuid = {01CE442A-1B68-467A-AAB5-7155936B0AB4}
	EndGlobalSection
EndGlobal
